PODS:
  - lib_appframework_ios (3.0.0)

DEPENDENCIES:
  - lib_appframework_ios (from `../`)

EXTERNAL SOURCES:
  lib_appframework_ios:
    :path: "../"

SPEC CHECKSUMS:
  lib_appframework_ios: a95d45877029c1656e17a76ef6d80111d845a253

PODFILE CHECKSUM: 457b2df85bd728d6f805ed6a51aa350c02990ebb

COCOAPODS: 1.8.4
